
Microsoft Visual Studio Solution File, Format Version 12.00
# Visual Studio Version 16
VisualStudioVersion = 16.0.30413.136
MinimumVisualStudioVersion = 10.0.40219.1
Project("{9A19103F-16F7-4668-BE54-9A1E7A4F7556}") = "Decompiler", "Decompiler\Decompiler.csproj", "{11D20E19-3D9B-49C5-BA00-2F0372161A95}"
EndProject
Project("{FAE04EC0-301F-11D3-BF4B-00C04F79EFBC}") = "BinaryFileReader", "BinaryFileReader\BinaryFileReader.csproj", "{D2BBC275-FD3F-44CA-8F76-5C624A86E5FC}"
EndProject
Project("{FAE04EC0-301F-11D3-BF4B-00C04F79EFBC}") = "IWI_DDS_Converter", "IWI_DDS_Converter\IWI_DDS_Converter.csproj", "{8A0F24C1-B0DA-40E4-BD5B-AD0E4BCF758B}"
EndProject
Global
	GlobalSection(SolutionConfigurationPlatforms) = preSolution
		Debug|Any CPU = Debug|Any CPU
		Release|Any CPU = Release|Any CPU
	EndGlobalSection
	GlobalSection(ProjectConfigurationPlatforms) = postSolution
		{11D20E19-3D9B-49C5-BA00-2F0372161A95}.Debug|Any CPU.ActiveCfg = Debug|Any CPU
		{11D20E19-3D9B-49C5-BA00-2F0372161A95}.Debug|Any CPU.Build.0 = Debug|Any CPU
		{11D20E19-3D9B-49C5-BA00-2F0372161A95}.Release|Any CPU.ActiveCfg = Release|Any CPU
		{11D20E19-3D9B-49C5-BA00-2F0372161A95}.Release|Any CPU.Build.0 = Release|Any CPU
		{D2BBC275-FD3F-44CA-8F76-5C624A86E5FC}.Debug|Any CPU.ActiveCfg = Debug|Any CPU
		{D2BBC275-FD3F-44CA-8F76-5C624A86E5FC}.Debug|Any CPU.Build.0 = Debug|Any CPU
		{D2BBC275-FD3F-44CA-8F76-5C624A86E5FC}.Release|Any CPU.ActiveCfg = Release|Any CPU
		{D2BBC275-FD3F-44CA-8F76-5C624A86E5FC}.Release|Any CPU.Build.0 = Release|Any CPU
		{8A0F24C1-B0DA-40E4-BD5B-AD0E4BCF758B}.Debug|Any CPU.ActiveCfg = Debug|Any CPU
		{8A0F24C1-B0DA-40E4-BD5B-AD0E4BCF758B}.Debug|Any CPU.Build.0 = Debug|Any CPU
		{8A0F24C1-B0DA-40E4-BD5B-AD0E4BCF758B}.Release|Any CPU.ActiveCfg = Release|Any CPU
		{8A0F24C1-B0DA-40E4-BD5B-AD0E4BCF758B}.Release|Any CPU.Build.0 = Release|Any CPU
	EndGlobalSection
	GlobalSection(SolutionProperties) = preSolution
		HideSolutionNode = FALSE
	EndGlobalSection
	GlobalSection(ExtensibilityGlobals) = postSolution
		SolutionGuid = {FE8C2551-734D-4C83-AFFF-B6B6D6755D19}
	EndGlobalSection
EndGlobal
